
Microsoft Visual Studio Solution File, Format Version 12.00
# Visual Studio Version 17
VisualStudioVersion = 17.2.32616.157
MinimumVisualStudioVersion = 10.0.40219.1
Project("{FAE04EC0-301F-11D3-BF4B-00C04F79EFBC}") = "Symbol", "Symbol\Symbol.csproj", "{D40F29E3-89F8-4E87-B400-4DBE0E5BB700}"
EndProject
Global
	GlobalSection(SolutionConfigurationPlatforms) = preSolution
		Debug|Any CPU = Debug|Any CPU
		Release|Any CPU = Release|Any CPU
	EndGlobalSection
	GlobalSection(ProjectConfigurationPlatforms) = postSolution
		{D40F29E3-89F8-4E87-B400-4DBE0E5BB700}.Debug|Any CPU.ActiveCfg = Debug|Any CPU
		{D40F29E3-89F8-4E87-B400-4DBE0E5BB700}.Debug|Any CPU.Build.0 = Debug|Any CPU
		{D40F29E3-89F8-4E87-B400-4DBE0E5BB700}.Release|Any CPU.ActiveCfg = Release|Any CPU
		{D40F29E3-89F8-4E87-B400-4DBE0E5BB700}.Release|Any CPU.Build.0 = Release|Any CPU
	EndGlobalSection
	GlobalSection(SolutionProperties) = preSolution
		HideSolutionNode = FALSE
	EndGlobalSection
	GlobalSection(ExtensibilityGlobals) = postSolution
		SolutionGuid = {34A17968-13E1-4BF3-8F50-734B1F9A1946}
	EndGlobalSection
EndGlobal
